
Microsoft Visual Studio Solution File, Format Version 12.00
# Visual Studio Version 17
VisualStudioVersion = 17.14.35806.103 d17.14
MinimumVisualStudioVersion = 10.0.40219.1
Project("{FAE04EC0-301F-11D3-BF4B-00C04F79EFBC}") = "AkademiQ_Homework2", "AkademiQ_Homework2\AkademiQ_Homework2.csproj", "{64AE98D9-2A6C-4117-934E-7742C59A776C}"
EndProject
Global
	GlobalSection(SolutionConfigurationPlatforms) = preSolution
		Debug|Any CPU = Debug|Any CPU
		Release|Any CPU = Release|Any CPU
	EndGlobalSection
	GlobalSection(ProjectConfigurationPlatforms) = postSolution
		{64AE98D9-2A6C-4117-934E-7742C59A776C}.Debug|Any CPU.ActiveCfg = Debug|Any CPU
		{64AE98D9-2A6C-4117-934E-7742C59A776C}.Debug|Any CPU.Build.0 = Debug|Any CPU
		{64AE98D9-2A6C-4117-934E-7742C59A776C}.Release|Any CPU.ActiveCfg = Release|Any CPU
		{64AE98D9-2A6C-4117-934E-7742C59A776C}.Release|Any CPU.Build.0 = Release|Any CPU
	EndGlobalSection
	GlobalSection(SolutionProperties) = preSolution
		HideSolutionNode = FALSE
	EndGlobalSection
	GlobalSection(ExtensibilityGlobals) = postSolution
		SolutionGuid = {C5B7D460-9F69-40A8-BB26-EF1F8E516575}
	EndGlobalSection
EndGlobal
